
Microsoft Visual Studio Solution File, Format Version 12.00
# Visual Studio Version 17
VisualStudioVersion = 17.8.34408.163
MinimumVisualStudioVersion = 10.0.40219.1
Project("{FAE04EC0-301F-11D3-BF4B-00C04F79EFBC}") = "apescacces", "apescacces.csproj", "{22E425B3-7FF4-40AD-B1C6-1E2B8A4EBE44}"
EndProject
Global
	GlobalSection(SolutionConfigurationPlatforms) = preSolution
		Debug|Any CPU = Debug|Any CPU
		Release|Any CPU = Release|Any CPU
	EndGlobalSection
	GlobalSection(ProjectConfigurationPlatforms) = postSolution
		{22E425B3-7FF4-40AD-B1C6-1E2B8A4EBE44}.Debug|Any CPU.ActiveCfg = Debug|Any CPU
		{22E425B3-7FF4-40AD-B1C6-1E2B8A4EBE44}.Debug|Any CPU.Build.0 = Debug|Any CPU
		{22E425B3-7FF4-40AD-B1C6-1E2B8A4EBE44}.Release|Any CPU.ActiveCfg = Release|Any CPU
		{22E425B3-7FF4-40AD-B1C6-1E2B8A4EBE44}.Release|Any CPU.Build.0 = Release|Any CPU
	EndGlobalSection
	GlobalSection(SolutionProperties) = preSolution
		HideSolutionNode = FALSE
	EndGlobalSection
	GlobalSection(ExtensibilityGlobals) = postSolution
		SolutionGuid = {F3D3416E-5942-4351-944D-B9DEB470285D}
	EndGlobalSection
EndGlobal
